// !$*UTF8*$!
{
	archiveVersion = 1;
	classes = {
	};
	objectVersion = 48;
	objects = {

/* Begin PBXBuildFile section */
		B721D1021F61DF880088DC13 /* AppDelegate.swift in Sources */ = {isa = PBXBuildFile; fileRef = B721D1011F61DF880088DC13 /* AppDelegate.swift */; };
		B721D1041F61DF880088DC13 /* ViewController.swift in Sources */ = {isa = PBXBuildFile; fileRef = B721D1031F61DF880088DC13 /* ViewController.swift */; };
		B721D1071F61DF880088DC13 /* Main.storyboard in Resources */ = {isa = PBXBuildFile; fileRef = B721D1051F61DF880088DC13 /* Main.storyboard */; };
		B721D1091F61DF880088DC13 /* Assets.xcassets in Resources */ = {isa = PBXBuildFile; fileRef = B721D1081F61DF880088DC13 /* Assets.xcassets */; };
		B721D10C1F61DF880088DC13 /* LaunchScreen.storyboard in Resources */ = {isa = PBXBuildFile; fileRef = B721D10A1F61DF880088DC13 /* LaunchScreen.storyboard */; };
		B721D1231F61E1E70088DC13 /* FeedbackEffect.swift in Sources */ = {isa = PBXBuildFile; fileRef = B721D1221F61DFD20088DC13 /* FeedbackEffect.swift */; };
		B721D1271F61F0B10088DC13 /* Success.m4a in Resources */ = {isa = PBXBuildFile; fileRef = B721D1251F61F04D0088DC13 /* Success.m4a */; };
		B795F1DF1F7D46E4001C1296 /* MessageTone.swift in Sources */ = {isa = PBXBuildFile; fileRef = B795F1DE1F7D46E4001C1296 /* MessageTone.swift */; };
		B795F1E11F7D46EC001C1296 /* SoundEffect.swift in Sources */ = {isa = PBXBuildFile; fileRef = B795F1E01F7D46EC001C1296 /* SoundEffect.swift */; };
		B795F1E31F7D4873001C1296 /* VibrationFeedback.swift in Sources */ = {isa = PBXBuildFile; fileRef = B795F1E21F7D4873001C1296 /* VibrationFeedback.swift */; };
		B795F1E51F7D488B001C1296 /* URL+SoundEmitting.swift in Sources */ = {isa = PBXBuildFile; fileRef = B795F1E41F7D488B001C1296 /* URL+SoundEmitting.swift */; };
		B795F1E71F7D49B6001C1296 /* HapticFeedback.swift in Sources */ = {isa = PBXBuildFile; fileRef = B795F1E61F7D49B6001C1296 /* HapticFeedback.swift */; };
/* End PBXBuildFile section */

/* Begin PBXFileReference section */
		B721D0FE1F61DF880088DC13 /* FeedbackEffect.app */ = {isa = PBXFileReference; explicitFileType = wrapper.application; includeInIndex = 0; path = FeedbackEffect.app; sourceTree = BUILT_PRODUCTS_DIR; };
		B721D1011F61DF880088DC13 /* AppDelegate.swift */ = {isa = PBXFileReference; lastKnownFileType = sourcecode.swift; path = AppDelegate.swift; sourceTree = "<group>"; };
		B721D1031F61DF880088DC13 /* ViewController.swift */ = {isa = PBXFileReference; lastKnownFileType = sourcecode.swift; path = ViewController.swift; sourceTree = "<group>"; };
		B721D1061F61DF880088DC13 /* Base */ = {isa = PBXFileReference; lastKnownFileType = file.storyboard; name = Base; path = Base.lproj/Main.storyboard; sourceTree = "<group>"; };
		B721D1081F61DF880088DC13 /* Assets.xcassets */ = {isa = PBXFileReference; lastKnownFileType = folder.assetcatalog; path = Assets.xcassets; sourceTree = "<group>"; };
		B721D10B1F61DF880088DC13 /* Base */ = {isa = PBXFileReference; lastKnownFileType = file.storyboard; name = Base; path = Base.lproj/LaunchScreen.storyboard; sourceTree = "<group>"; };
		B721D10D1F61DF880088DC13 /* Info.plist */ = {isa = PBXFileReference; lastKnownFileType = text.plist.xml; path = Info.plist; sourceTree = "<group>"; };
		B721D1221F61DFD20088DC13 /* FeedbackEffect.swift */ = {isa = PBXFileReference; lastKnownFileType = sourcecode.swift; path = FeedbackEffect.swift; sourceTree = "<group>"; };
		B721D1251F61F04D0088DC13 /* Success.m4a */ = {isa = PBXFileReference; lastKnownFileType = file; path = Success.m4a; sourceTree = "<group>"; };
		B795F1DE1F7D46E4001C1296 /* MessageTone.swift */ = {isa = PBXFileReference; lastKnownFileType = sourcecode.swift; path = MessageTone.swift; sourceTree = "<group>"; };
		B795F1E01F7D46EC001C1296 /* SoundEffect.swift */ = {isa = PBXFileReference; lastKnownFileType = sourcecode.swift; path = SoundEffect.swift; sourceTree = "<group>"; };
		B795F1E21F7D4873001C1296 /* VibrationFeedback.swift */ = {isa = PBXFileReference; lastKnownFileType = sourcecode.swift; path = VibrationFeedback.swift; sourceTree = "<group>"; };
		B795F1E41F7D488B001C1296 /* URL+SoundEmitting.swift */ = {isa = PBXFileReference; lastKnownFileType = sourcecode.swift; path = "URL+SoundEmitting.swift"; sourceTree = "<group>"; };
		B795F1E61F7D49B6001C1296 /* HapticFeedback.swift */ = {isa = PBXFileReference; lastKnownFileType = sourcecode.swift; path = HapticFeedback.swift; sourceTree = "<group>"; };
/* End PBXFileReference section */

/* Begin PBXFrameworksBuildPhase section */
		B721D0FB1F61DF880088DC13 /* Frameworks */ = {
			isa = PBXFrameworksBuildPhase;
			buildActionMask = 2147483647;
			files = (
			);
			runOnlyForDeploymentPostprocessing = 0;
		};
/* End PBXFrameworksBuildPhase section */

/* Begin PBXGroup section */
		B721D0F51F61DF880088DC13 = {
			isa = PBXGroup;
			children = (
				B721D1001F61DF880088DC13 /* FeedbackEffect */,
				B721D0FF1F61DF880088DC13 /* Products */,
			);
			sourceTree = "<group>";
		};
		B721D0FF1F61DF880088DC13 /* Products */ = {
			isa = PBXGroup;
			children = (
				B721D0FE1F61DF880088DC13 /* FeedbackEffect.app */,
			);
			name = Products;
			sourceTree = "<group>";
		};
		B721D1001F61DF880088DC13 /* FeedbackEffect */ = {
			isa = PBXGroup;
			children = (
				B721D1241F61F04D0088DC13 /* Sounds */,
				B721D1211F61DFD20088DC13 /* Source */,
				B721D1011F61DF880088DC13 /* AppDelegate.swift */,
				B721D1031F61DF880088DC13 /* ViewController.swift */,
				B721D1051F61DF880088DC13 /* Main.storyboard */,
				B721D1081F61DF880088DC13 /* Assets.xcassets */,
				B721D10A1F61DF880088DC13 /* LaunchScreen.storyboard */,
				B721D10D1F61DF880088DC13 /* Info.plist */,
			);
			path = FeedbackEffect;
			sourceTree = "<group>";
		};
		B721D1211F61DFD20088DC13 /* Source */ = {
			isa = PBXGroup;
			children = (
				B721D1221F61DFD20088DC13 /* FeedbackEffect.swift */,
				B795F1E61F7D49B6001C1296 /* HapticFeedback.swift */,
				B795F1E21F7D4873001C1296 /* VibrationFeedback.swift */,
				B795F1E41F7D488B001C1296 /* URL+SoundEmitting.swift */,
				B795F1E01F7D46EC001C1296 /* SoundEffect.swift */,
				B795F1DE1F7D46E4001C1296 /* MessageTone.swift */,
			);
			name = Source;
			path = ../../Source;
			sourceTree = "<group>";
		};
		B721D1241F61F04D0088DC13 /* Sounds */ = {
			isa = PBXGroup;
			children = (
				B721D1251F61F04D0088DC13 /* Success.m4a */,
			);
			path = Sounds;
			sourceTree = "<group>";
		};
/* End PBXGroup section */

/* Begin PBXNativeTarget section */
		B721D0FD1F61DF880088DC13 /* FeedbackEffect */ = {
			isa = PBXNativeTarget;
			buildConfigurationList = B721D11B1F61DF890088DC13 /* Build configuration list for PBXNativeTarget "FeedbackEffect" */;
			buildPhases = (
				B721D0FA1F61DF880088DC13 /* Sources */,
				B721D0FB1F61DF880088DC13 /* Frameworks */,
				B721D0FC1F61DF880088DC13 /* Resources */,
			);
			buildRules = (
			);
			dependencies = (
			);
			name = FeedbackEffect;
			productName = FeedbackEffect;
			productReference = B721D0FE1F61DF880088DC13 /* FeedbackEffect.app */;
			productType = "com.apple.product-type.application";
		};
/* End PBXNativeTarget section */

/* Begin PBXProject section */
		B721D0F61F61DF880088DC13 /* Project object */ = {
			isa = PBXProject;
			attributes = {
				LastSwiftUpdateCheck = 0900;
				LastUpgradeCheck = 1010;
				ORGANIZATIONNAME = Mergesort;
				TargetAttributes = {
					B721D0FD1F61DF880088DC13 = {
						CreatedOnToolsVersion = 9.0;
						LastSwiftMigration = 1100;
						ProvisioningStyle = Automatic;
					};
				};
			};
			buildConfigurationList = B721D0F91F61DF880088DC13 /* Build configuration list for PBXProject "FeedbackEffect" */;
			compatibilityVersion = "Xcode 8.0";
			developmentRegion = en;
			hasScannedForEncodings = 0;
			knownRegions = (
				en,
				Base,
			);
			mainGroup = B721D0F51F61DF880088DC13;
			productRefGroup = B721D0FF1F61DF880088DC13 /* Products */;
			projectDirPath = "";
			projectRoot = "";
			targets = (
				B721D0FD1F61DF880088DC13 /* FeedbackEffect */,
			);
		};
/* End PBXProject section */

/* Begin PBXResourcesBuildPhase section */
		B721D0FC1F61DF880088DC13 /* Resources */ = {
			isa = PBXResourcesBuildPhase;
			buildActionMask = 2147483647;
			files = (
				B721D1271F61F0B10088DC13 /* Success.m4a in Resources */,
				B721D10C1F61DF880088DC13 /* LaunchScreen.storyboard in Resources */,
				B721D1091F61DF880088DC13 /* Assets.xcassets in Resources */,
				B721D1071F61DF880088DC13 /* Main.storyboard in Resources */,
			);
			runOnlyForDeploymentPostprocessing = 0;
		};
/* End PBXResourcesBuildPhase section */

/* Begin PBXSourcesBuildPhase section */
		B721D0FA1F61DF880088DC13 /* Sources */ = {
			isa = PBXSourcesBuildPhase;
			buildActionMask = 2147483647;
			files = (
				B721D1231F61E1E70088DC13 /* FeedbackEffect.swift in Sources */,
				B721D1041F61DF880088DC13 /* ViewController.swift in Sources */,
				B795F1E11F7D46EC001C1296 /* SoundEffect.swift in Sources */,
				B721D1021F61DF880088DC13 /* AppDelegate.swift in Sources */,
				B795F1E51F7D488B001C1296 /* URL+SoundEmitting.swift in Sources */,
				B795F1E71F7D49B6001C1296 /* HapticFeedback.swift in Sources */,
				B795F1DF1F7D46E4001C1296 /* MessageTone.swift in Sources */,
				B795F1E31F7D4873001C1296 /* VibrationFeedback.swift in Sources */,
			);
			runOnlyForDeploymentPostprocessing = 0;
		};
/* End PBXSourcesBuildPhase section */

/* Begin PBXVariantGroup section */
		B721D1051F61DF880088DC13 /* Main.storyboard */ = {
			isa = PBXVariantGroup;
			children = (
				B721D1061F61DF880088DC13 /* Base */,
			);
			name = Main.storyboard;
			sourceTree = "<group>";
		};
		B721D10A1F61DF880088DC13 /* LaunchScreen.storyboard */ = {
			isa = PBXVariantGroup;
			children = (
				B721D10B1F61DF880088DC13 /* Base */,
			);
			name = LaunchScreen.storyboard;
			sourceTree = "<group>";
		};
/* End PBXVariantGroup section */

/* Begin XCBuildConfiguration section */
		B721D1191F61DF890088DC13 /* Debug */ = {
			isa = XCBuildConfiguration;
			buildSettings = {
				ALWAYS_SEARCH_USER_PATHS = NO;
				CLANG_ANALYZER_NONNULL = YES;
				CLANG_ANALYZER_NUMBER_OBJECT_CONVERSION = YES_AGGRESSIVE;
				CLANG_CXX_LANGUAGE_STANDARD = "gnu++14";
				CLANG_CXX_LIBRARY = "libc++";
				CLANG_ENABLE_MODULES = YES;
				CLANG_ENABLE_OBJC_ARC = YES;
				CLANG_WARN_BLOCK_CAPTURE_AUTORELEASING = YES;
				CLANG_WARN_BOOL_CONVERSION = YES;
				CLANG_WARN_COMMA = YES;
				CLANG_WARN_CONSTANT_CONVERSION = YES;
				CLANG_WARN_DEPRECATED_OBJC_IMPLEMENTATIONS = YES;
				CLANG_WARN_DIRECT_OBJC_ISA_USAGE = YES_ERROR;
				CLANG_WARN_DOCUMENTATION_COMMENTS = YES;
				CLANG_WARN_EMPTY_BODY = YES;
				CLANG_WARN_ENUM_CONVERSION = YES;
				CLANG_WARN_INFINITE_RECURSION = YES;
				CLANG_WARN_INT_CONVERSION = YES;
				CLANG_WARN_NON_LITERAL_NULL_CONVERSION = YES;
				CLANG_WARN_OBJC_IMPLICIT_RETAIN_SELF = YES;
				CLANG_WARN_OBJC_LITERAL_CONVERSION = YES;
				CLANG_WARN_OBJC_ROOT_CLASS = YES_ERROR;
				CLANG_WARN_RANGE_LOOP_ANALYSIS = YES;
				CLANG_WARN_STRICT_PROTOTYPES = YES;
				CLANG_WARN_SUSPICIOUS_MOVE = YES;
				CLANG_WARN_UNGUARDED_AVAILABILITY = YES_AGGRESSIVE;
				CLANG_WARN_UNREACHABLE_CODE = YES;
				CLANG_WARN__DUPLICATE_METHOD_MATCH = YES;
				CODE_SIGN_IDENTITY = "iPhone Developer";
				COPY_PHASE_STRIP = NO;
				DEBUG_INFORMATION_FORMAT = dwarf;
				ENABLE_STRICT_OBJC_MSGSEND = YES;
				ENABLE_TESTABILITY = YES;
				GCC_C_LANGUAGE_STANDARD = gnu11;
				GCC_DYNAMIC_NO_PIC = NO;
				GCC_NO_COMMON_BLOCKS = YES;
				GCC_OPTIMIZATION_LEVEL = 0;
				GCC_PREPROCESSOR_DEFINITIONS = (
					"DEBUG=1",
					"$(inherited)",
				);
				GCC_WARN_64_TO_32_BIT_CONVERSION = YES;
				GCC_WARN_ABOUT_RETURN_TYPE = YES_ERROR;
				GCC_WARN_UNDECLARED_SELECTOR = YES;
				GCC_WARN_UNINITIALIZED_AUTOS = YES_AGGRESSIVE;
				GCC_WARN_UNUSED_FUNCTION = YES;
				GCC_WARN_UNUSED_VARIABLE = YES;
				IPHONEOS_DEPLOYMENT_TARGET = 11.0;
				MTL_ENABLE_DEBUG_INFO = YES;
				ONLY_ACTIVE_ARCH = YES;
				SDKROOT = iphoneos;
				SWIFT_ACTIVE_COMPILATION_CONDITIONS = DEBUG;
				SWIFT_OPTIMIZATION_LEVEL = "-Onone";
			};
			name = Debug;
		};
		B721D11A1F61DF890088DC13 /* Release */ = {
			isa = XCBuildConfiguration;
			buildSettings = {
				ALWAYS_SEARCH_USER_PATHS = NO;
				CLANG_ANALYZER_NONNULL = YES;
				CLANG_ANALYZER_NUMBER_OBJECT_CONVERSION = YES_AGGRESSIVE;
				CLANG_CXX_LANGUAGE_STANDARD = "gnu++14";
				CLANG_CXX_LIBRARY = "libc++";
				CLANG_ENABLE_MODULES = YES;
				CLANG_ENABLE_OBJC_ARC = YES;
				CLANG_WARN_BLOCK_CAPTURE_AUTORELEASING = YES;
				CLANG_WARN_BOOL_CONVERSION = YES;
				CLANG_WARN_COMMA = YES;
				CLANG_WARN_CONSTANT_CONVERSION = YES;
				CLANG_WARN_DEPRECATED_OBJC_IMPLEMENTATIONS = YES;
				CLANG_WARN_DIRECT_OBJC_ISA_USAGE = YES_ERROR;
				CLANG_WARN_DOCUMENTATION_COMMENTS = YES;
				CLANG_WARN_EMPTY_BODY = YES;
				CLANG_WARN_ENUM_CONVERSION = YES;
				CLANG_WARN_INFINITE_RECURSION = YES;
				CLANG_WARN_INT_CONVERSION = YES;
				CLANG_WARN_NON_LITERAL_NULL_CONVERSION = YES;
				CLANG_WARN_OBJC_IMPLICIT_RETAIN_SELF = YES;
				CLANG_WARN_OBJC_LITERAL_CONVERSION = YES;
				CLANG_WARN_OBJC_ROOT_CLASS = YES_ERROR;
				CLANG_WARN_RANGE_LOOP_ANALYSIS = YES;
				CLANG_WARN_STRICT_PROTOTYPES = YES;
				CLANG_WARN_SUSPICIOUS_MOVE = YES;
				CLANG_WARN_UNGUARDED_AVAILABILITY = YES_AGGRESSIVE;
				CLANG_WARN_UNREACHABLE_CODE = YES;
				CLANG_WARN__DUPLICATE_METHOD_MATCH = YES;
				CODE_SIGN_IDENTITY = "iPhone Developer";
				COPY_PHASE_STRIP = NO;
				DEBUG_INFORMATION_FORMAT = "dwarf-with-dsym";
				ENABLE_NS_ASSERTIONS = NO;
				ENABLE_STRICT_OBJC_MSGSEND = YES;
				GCC_C_LANGUAGE_STANDARD = gnu11;
				GCC_NO_COMMON_BLOCKS = YES;
				GCC_WARN_64_TO_32_BIT_CONVERSION = YES;
				GCC_WARN_ABOUT_RETURN_TYPE = YES_ERROR;
				GCC_WARN_UNDECLARED_SELECTOR = YES;
				GCC_WARN_UNINITIALIZED_AUTOS = YES_AGGRESSIVE;
				GCC_WARN_UNUSED_FUNCTION = YES;
				GCC_WARN_UNUSED_VARIABLE = YES;
				IPHONEOS_DEPLOYMENT_TARGET = 11.0;
				MTL_ENABLE_DEBUG_INFO = NO;
				SDKROOT = iphoneos;
				SWIFT_OPTIMIZATION_LEVEL = "-Owholemodule";
				VALIDATE_PRODUCT = YES;
			};
			name = Release;
		};
		B721D11C1F61DF890088DC13 /* Debug */ = {
			isa = XCBuildConfiguration;
			buildSettings = {
				ASSETCATALOG_COMPILER_APPICON_NAME = AppIcon;
				CODE_SIGN_STYLE = Automatic;
				DEVELOPMENT_TEAM = "";
				INFOPLIST_FILE = FeedbackEffect/Info.plist;
				LD_RUNPATH_SEARCH_PATHS = "$(inherited) @executable_path/Frameworks";
				PRODUCT_BUNDLE_IDENTIFIER = com.mergesort.FeedbackEffect;
				PRODUCT_NAME = "$(TARGET_NAME)";
				SWIFT_VERSION = 5.0;
				TARGETED_DEVICE_FAMILY = "1,2";
			};
			name = Debug;
		};
		B721D11D1F61DF890088DC13 /* Release */ = {
			isa = XCBuildConfiguration;
			buildSettings = {
				ASSETCATALOG_COMPILER_APPICON_NAME = AppIcon;
				CODE_SIGN_STYLE = Automatic;
				DEVELOPMENT_TEAM = "";
				INFOPLIST_FILE = FeedbackEffect/Info.plist;
				LD_RUNPATH_SEARCH_PATHS = "$(inherited) @executable_path/Frameworks";
				PRODUCT_BUNDLE_IDENTIFIER = com.mergesort.FeedbackEffect;
				PRODUCT_NAME = "$(TARGET_NAME)";
				SWIFT_VERSION = 5.0;
				TARGETED_DEVICE_FAMILY = "1,2";
			};
			name = Release;
		};
/* End XCBuildConfiguration section */

/* Begin XCConfigurationList section */
		B721D0F91F61DF880088DC13 /* Build configuration list for PBXProject "FeedbackEffect" */ = {
			isa = XCConfigurationList;
			buildConfigurations = (
				B721D1191F61DF890088DC13 /* Debug */,
				B721D11A1F61DF890088DC13 /* Release */,
			);
			defaultConfigurationIsVisible = 0;
			defaultConfigurationName = Release;
		};
		B721D11B1F61DF890088DC13 /* Build configuration list for PBXNativeTarget "FeedbackEffect" */ = {
			isa = XCConfigurationList;
			buildConfigurations = (
				B721D11C1F61DF890088DC13 /* Debug */,
				B721D11D1F61DF890088DC13 /* Release */,
			);
			defaultConfigurationIsVisible = 0;
			defaultConfigurationName = Release;
		};
/* End XCConfigurationList section */
	};
	rootObject = B721D0F61F61DF880088DC13 /* Project object */;
}
